# THIS IS AN AUTOGENERATED FILE. DO NOT EDIT THIS FILE DIRECTLY.
# yarn lockfile v1


"@types/node@16.11.12":
  version "16.11.12"
  resolved "https://registry.yarnpkg.com/@types/node/-/node-16.11.12.tgz#ac7fb693ac587ee182c3780c26eb65546a1a3c10"
  integrity sha512-+2Iggwg7PxoO5Kyhvsq9VarmPbIelXP070HMImEpbtGCoyWNINQj4wzjbQCXzdHTRXnqufutJb5KAURZANNBAw==

"@types/prettier@2.4.3":
  version "2.4.3"
  resolved "https://registry.yarnpkg.com/@types/prettier/-/prettier-2.4.3.tgz#a3c65525b91fca7da00ab1a3ac2b5a2a4afbffbf"
  integrity sha512-QzSuZMBuG5u8HqYz01qtMdg/Jfctlnvj1z/lYnIDXs/golxw0fxtRAHd9KrzjR7Yxz1qVeI00o0kiO3PmVdJ9w==

"@types/prismjs@1.16.6":
  version "1.16.6"
  resolved "https://registry.yarnpkg.com/@types/prismjs/-/prismjs-1.16.6.tgz#377054f72f671b36dbe78c517ce2b279d83ecc40"
  integrity sha512-dTvnamRITNqNkqhlBd235kZl3KfVJQQoT5jkXeiWSBK7i4/TLKBNLV0S1wOt8gy4E2TY722KLtdmv2xc6+Wevg==

boolbase@^1.0.0:
  version "1.0.0"
  resolved "https://registry.yarnpkg.com/boolbase/-/boolbase-1.0.0.tgz#68dff5fbe60c51eb37725ea9e3ed310dcc1e776e"
  integrity sha1-aN/1++YMUes3cl6p4+0xDcwed24=

css-select@^4.1.3:
  version "4.3.0"
  resolved "https://registry.yarnpkg.com/css-select/-/css-select-4.3.0.tgz#db7129b2846662fd8628cfc496abb2b59e41529b"
  integrity sha512-wPpOYtnsVontu2mODhA19JrqWxNsfdatRKd64kmpRbQgh1KtItko5sTnEpPdpSaJszTOhEMlF/RPz28qj4HqhQ==
  dependencies:
    boolbase "^1.0.0"
    css-what "^6.0.1"
    domhandler "^4.3.1"
    domutils "^2.8.0"
    nth-check "^2.0.1"

css-what@^6.0.1:
  version "6.1.0"
  resolved "https://registry.yarnpkg.com/css-what/-/css-what-6.1.0.tgz#fb5effcf76f1ddea2c81bdfaa4de44e79bac70f4"
  integrity sha512-HTUrgRJ7r4dsZKU6GjmpfRK1O76h97Z8MfS1G0FozR+oF2kG6Vfe8JE6zwrkbxigziPHinCJ+gCPjA9EaBDtRw==

dom-serializer@^1.0.1:
  version "1.3.2"
  resolved "https://registry.yarnpkg.com/dom-serializer/-/dom-serializer-1.3.2.tgz#6206437d32ceefaec7161803230c7a20bc1b4d91"
  integrity sha512-5c54Bk5Dw4qAxNOI1pFEizPSjVsx5+bpJKmL2kPn8JhBUq2q09tTCa3mjijun2NfK78NMouDYNMBkOrPZiS+ig==
  dependencies:
    domelementtype "^2.0.1"
    domhandler "^4.2.0"
    entities "^2.0.0"

domelementtype@^2.0.1, domelementtype@^2.2.0:
  version "2.3.0"
  resolved "https://registry.yarnpkg.com/domelementtype/-/domelementtype-2.3.0.tgz#5c45e8e869952626331d7aab326d01daf65d589d"
  integrity sha512-OLETBj6w0OsagBwdXnPdN0cnMfF9opN69co+7ZrbfPGrdpPVNBUj02spi6B1N7wChLQiPn4CSH/zJvXw56gmHw==

domhandler@^4.2.0, domhandler@^4.3.1:
  version "4.3.1"
  resolved "https://registry.yarnpkg.com/domhandler/-/domhandler-4.3.1.tgz#8d792033416f59d68bc03a5aa7b018c1ca89279c"
  integrity sha512-GrwoxYN+uWlzO8uhUXRl0P+kHE4GtVPfYzVLcUxPL7KNdHKj66vvlhiweIHqYYXWlw+T8iLMp42Lm67ghw4WMQ==
  dependencies:
    domelementtype "^2.2.0"

domutils@^2.8.0:
  version "2.8.0"
  resolved "https://registry.yarnpkg.com/domutils/-/domutils-2.8.0.tgz#4437def5db6e2d1f5d6ee859bd95ca7d02048135"
  integrity sha512-w96Cjofp72M5IIhpjgobBimYEfoPjx1Vx0BSX9P30WBdZW2WIKU0T1Bd0kz2eNZ9ikjKgHbEyKx8BB6H1L3h3A==
  dependencies:
    dom-serializer "^1.0.1"
    domelementtype "^2.2.0"
    domhandler "^4.2.0"

entities@^2.0.0:
  version "2.2.0"
  resolved "https://registry.yarnpkg.com/entities/-/entities-2.2.0.tgz#098dc90ebb83d8dffa089d55256b351d34c4da55"
  integrity sha512-p92if5Nz619I0w+akJrLZH0MX0Pb5DX39XOwQTtXSdQQOaYH03S1uIQp4mhOZtAXrxq4ViO67YTiLBo2638o9A==

esbuild-android-64@0.14.34:
  version "0.14.34"
  resolved "https://registry.yarnpkg.com/esbuild-android-64/-/esbuild-android-64-0.14.34.tgz#46bc4327dd0809937912346244eaffdb9bfc980d"
  integrity sha512-XfxcfJqmMYsT/LXqrptzFxmaR3GWzXHDLdFNIhm6S00zPaQF1TBBWm+9t0RZ6LRR7iwH57DPjaOeW20vMqI4Yw==

esbuild-android-arm64@0.14.34:
  version "0.14.34"
  resolved "https://registry.yarnpkg.com/esbuild-android-arm64/-/esbuild-android-arm64-0.14.34.tgz#a3f7e1ad84b8a7dcb39b5e132768b56ee7133656"
  integrity sha512-T02+NXTmSRL1Mc6puz+R9CB54rSPICkXKq6+tw8B6vxZFnCPzbJxgwIX4kcluz9p8nYBjF3+lSilTGWb7+Xgew==

esbuild-darwin-64@0.14.34:
  version "0.14.34"
  resolved "https://registry.yarnpkg.com/esbuild-darwin-64/-/esbuild-darwin-64-0.14.34.tgz#a0e4ab7a0cddf76761f1fb5d6bf552a376beb16e"
  integrity sha512-pLRip2Bh4Ng7Bf6AMgCrSp3pPe/qZyf11h5Qo2mOfJqLWzSVjxrXW+CFRJfrOVP7TCnh/gmZSM2AFdCPB72vtw==

esbuild-darwin-arm64@0.14.34:
  version "0.14.34"
  resolved "https://registry.yarnpkg.com/esbuild-darwin-arm64/-/esbuild-darwin-arm64-0.14.34.tgz#54c35461f82f83a7f5169d9a6a54201798977b07"
  integrity sha512-vpidSJEBxx6lf1NWgXC+DCmGqesJuZ5Y8aQVVsaoO4i8tRXbXb0whChRvop/zd3nfNM4dIl5EXAky0knRX5I6w==

esbuild-freebsd-64@0.14.34:
  version "0.14.34"
  resolved "https://registry.yarnpkg.com/esbuild-freebsd-64/-/esbuild-freebsd-64-0.14.34.tgz#aebb50248f5874d04ffeab2db8ee1ed6037e2654"
  integrity sha512-m0HBjePhe0hAQJgtMRMNV9kMgIyV4/qSnzPx42kRMQBcPhgjAq1JRu4Il26czC+9FgpMbFkUktb07f/Lwnc6CA==

esbuild-freebsd-arm64@0.14.34:
  version "0.14.34"
  resolved "https://registry.yarnpkg.com/esbuild-freebsd-arm64/-/esbuild-freebsd-arm64-0.14.34.tgz#09bef288e29f18b38b0c70a9827b6ee718e36c7f"
  integrity sha512-cpRc2B94L1KvMPPYB4D6G39jLqpKlD3noAMY4/e86iXXXkhUYJJEtTuyNFTa9JRpWM0xCAp4mxjHjoIiLuoCLA==

esbuild-linux-32@0.14.34:
  version "0.14.34"
  resolved "https://registry.yarnpkg.com/esbuild-linux-32/-/esbuild-linux-32-0.14.34.tgz#67790061758e008e919e65bbc34549f55dadaca7"
  integrity sha512-8nQaEaoW7MH/K/RlozJa+lE1ejHIr8fuPIHhc513UebRav7HtXgQvxHQ6VZRUkWtep23M6dd7UqhwO1tMOfzQQ==

esbuild-linux-64@0.14.34:
  version "0.14.34"
  resolved "https://registry.yarnpkg.com/esbuild-linux-64/-/esbuild-linux-64-0.14.34.tgz#b9b19d4ac07e37495dd2508ec843418aa71c98d6"
  integrity sha512-Y3of4qQoLLlAgf042MlrY1P+7PnN9zWj8nVtw9XQG5hcLOZLz7IKpU35oeu7n4wvyaZHwvQqDJ93gRLqdJekcQ==

esbuild-linux-arm64@0.14.34:
  version "0.14.34"
  resolved "https://registry.yarnpkg.com/esbuild-linux-arm64/-/esbuild-linux-arm64-0.14.34.tgz#fd84b11a6ccfe9e83e00d0c45890e9fb3a7248c1"
  integrity sha512-IlWaGtj9ir7+Nrume1DGcyzBDlK8GcnJq0ANKwcI9pVw8tqr+6GD0eqyF9SF1mR8UmAp+odrx1H5NdR2cHdFHA==

esbuild-linux-arm@0.14.34:
  version "0.14.34"
  resolved "https://registry.yarnpkg.com/esbuild-linux-arm/-/esbuild-linux-arm-0.14.34.tgz#c89d4714b05265a315a97c8933508cc73950e683"
  integrity sha512-9lpq1NcJqssAF7alCO6zL3gvBVVt/lKw4oetUM7OgNnRX0OWpB+ZIO9FwCrSj/dMdmgDhPLf+119zB8QxSMmAg==

esbuild-linux-mips64le@0.14.34:
  version "0.14.34"
  resolved "https://registry.yarnpkg.com/esbuild-linux-mips64le/-/esbuild-linux-mips64le-0.14.34.tgz#d60752c3fb1260dd0737532af2de2a9521656456"
  integrity sha512-k3or+01Rska1AjUyNjA4buEwB51eyN/xPQAoOx1CjzAQC3l8rpjUDw55kXyL63O/1MUi4ISvtNtl8gLwdyEcxw==

esbuild-linux-ppc64le@0.14.34:
  version "0.14.34"
  resolved "https://registry.yarnpkg.com/esbuild-linux-ppc64le/-/esbuild-linux-ppc64le-0.14.34.tgz#f4c6229269956564f0c6f9825f5e717c2cfc22b3"
  integrity sha512-+qxb8M9FfM2CJaVU7GgYpJOHM1ngQOx+/VrtBjb4C8oVqaPcESCeg2anjl+HRZy8VpYc71q/iBYausPPbJ+Keg==

esbuild-linux-riscv64@0.14.34:
  version "0.14.34"
  resolved "https://registry.yarnpkg.com/esbuild-linux-riscv64/-/esbuild-linux-riscv64-0.14.34.tgz#549bd18a9eba3135b67f7b742730b5343a1be35d"
  integrity sha512-Y717ltBdQ5j5sZIHdy1DV9kieo0wMip0dCmVSTceowCPYSn1Cg33Kd6981+F/3b9FDMzNWldZFOBRILViENZSA==

esbuild-linux-s390x@0.14.34:
  version "0.14.34"
  resolved "https://registry.yarnpkg.com/esbuild-linux-s390x/-/esbuild-linux-s390x-0.14.34.tgz#2a6b577c437f94c2b37623c755ff5215a05c12bc"
  integrity sha512-bDDgYO4LhL4+zPs+WcBkXph+AQoPcQRTv18FzZS0WhjfH8TZx2QqlVPGhmhZ6WidrY+jKthUqO6UhGyIb4MpmA==

esbuild-netbsd-64@0.14.34:
  version "0.14.34"
  resolved "https://registry.yarnpkg.com/esbuild-netbsd-64/-/esbuild-netbsd-64-0.14.34.tgz#7f0b73229157975eb35597207723df52ba21722a"
  integrity sha512-cfaFGXdRt0+vHsjNPyF0POM4BVSHPSbhLPe8mppDc7GDDxjIl08mV1Zou14oDWMp/XZMjYN1kWYRSfftiD0vvQ==

esbuild-openbsd-64@0.14.34:
  version "0.14.34"
  resolved "https://registry.yarnpkg.com/esbuild-openbsd-64/-/esbuild-openbsd-64-0.14.34.tgz#b9bc44b4f70031fb01b173b279daeffc4d4f54b7"
  integrity sha512-vmy9DxXVnRiI14s8GKuYBtess+EVcDALkbpTqd5jw4XITutIzyB7n4x0Tj5utAkKsgZJB22lLWGekr0ABnSLow==

esbuild-sunos-64@0.14.34:
  version "0.14.34"
  resolved "https://registry.yarnpkg.com/esbuild-sunos-64/-/esbuild-sunos-64-0.14.34.tgz#512dd6085ac1a0dccc20c5f932f16a618bea409c"
  integrity sha512-eNPVatNET1F7tRMhii7goL/eptfxc0ALRjrj9SPFNqp0zmxrehBFD6BaP3R4LjMn6DbMO0jOAnTLFKr8NqcJAA==

esbuild-windows-32@0.14.34:
  version "0.14.34"
  resolved "https://registry.yarnpkg.com/esbuild-windows-32/-/esbuild-windows-32-0.14.34.tgz#3ff1afd5cac08050c7c7140a59e343b06f6b037c"
  integrity sha512-EFhpXyHEcnqWYe2rAHFd8dRw8wkrd9U+9oqcyoEL84GbanAYjiiIjBZsnR8kl0sCQ5w6bLpk7vCEIA2VS32Vcg==

esbuild-windows-64@0.14.34:
  version "0.14.34"
  resolved "https://registry.yarnpkg.com/esbuild-windows-64/-/esbuild-windows-64-0.14.34.tgz#66f7b43d2a0b132f6748dfa3edac4fc939a99be0"
  integrity sha512-a8fbl8Ky7PxNEjf1aJmtxdDZj32/hC7S1OcA2ckEpCJRTjiKslI9vAdPpSjrKIWhws4Galpaawy0nB7fjHYf5Q==

esbuild-windows-arm64@0.14.34:
  version "0.14.34"
  resolved "https://registry.yarnpkg.com/esbuild-windows-arm64/-/esbuild-windows-arm64-0.14.34.tgz#b74a6395b7b7e53dba70b71b39542afd83352473"
  integrity sha512-EYvmKbSa2B3sPnpC28UEu9jBK5atGV4BaVRE7CYGUci2Hlz4AvtV/LML+TcDMT6gBgibnN2gcltWclab3UutMg==

esbuild@^0.14.0:
  version "0.14.34"
  resolved "https://registry.yarnpkg.com/esbuild/-/esbuild-0.14.34.tgz#3610056f0a57bcfd0b63ddaafdb2e3bef1cf96e4"
  integrity sha512-QIWdPT/gFF6hCaf4m7kP0cJ+JIuFkdHibI7vVFvu3eJS1HpVmYHWDulyN5WXwbRA0SX/7ZDaJ/1DH8SdY9xOJg==
  optionalDependencies:
    esbuild-android-64 "0.14.34"
    esbuild-android-arm64 "0.14.34"
    esbuild-darwin-64 "0.14.34"
    esbuild-darwin-arm64 "0.14.34"
    esbuild-freebsd-64 "0.14.34"
    esbuild-freebsd-arm64 "0.14.34"
    esbuild-linux-32 "0.14.34"
    esbuild-linux-64 "0.14.34"
    esbuild-linux-arm "0.14.34"
    esbuild-linux-arm64 "0.14.34"
    esbuild-linux-mips64le "0.14.34"
    esbuild-linux-ppc64le "0.14.34"
    esbuild-linux-riscv64 "0.14.34"
    esbuild-linux-s390x "0.14.34"
    esbuild-netbsd-64 "0.14.34"
    esbuild-openbsd-64 "0.14.34"
    esbuild-sunos-64 "0.14.34"
    esbuild-windows-32 "0.14.34"
    esbuild-windows-64 "0.14.34"
    esbuild-windows-arm64 "0.14.34"

fromnow@3.0.1:
  version "3.0.1"
  resolved "https://registry.yarnpkg.com/fromnow/-/fromnow-3.0.1.tgz#ffa46a8e233e05721ba4c1ae269e92123f6510d4"
  integrity sha512-yiLiFONFTvJlP4NaaYcJclCExN4wa2EbWJ9cCXqKcFdxkBmiqlDhzGb/yJ8HtvhNh9td7AUwyCW9w9RrLi429A==

he@1.2.0:
  version "1.2.0"
  resolved "https://registry.yarnpkg.com/he/-/he-1.2.0.tgz#84ae65fa7eafb165fddb61566ae14baf05664f0f"
  integrity sha512-F/1DnUGPopORZi0ni+CvrCgHQ5FyEAHRLSApuYWMmrbSwoN2Mn/7k+Gl38gJnR7yyDZk6WLXwiGod1JOWNDKGw==

node-html-parser@5.2.0:
  version "5.2.0"
  resolved "https://registry.yarnpkg.com/node-html-parser/-/node-html-parser-5.2.0.tgz#6f29fd00d79f65334e7e20200964644207925607"
  integrity sha512-fmiwLfQu+J2A0zjwSEkztSHexAf5qq/WoiL/Hgo1K7JpfEP+OGWY5maG0kGaM+IFVdixF/1QbyXaQ3h4cGfeLw==
  dependencies:
    css-select "^4.1.3"
    he "1.2.0"

nth-check@^2.0.1:
  version "2.0.1"
  resolved "https://registry.yarnpkg.com/nth-check/-/nth-check-2.0.1.tgz#2efe162f5c3da06a28959fbd3db75dbeea9f0fc2"
  integrity sha512-it1vE95zF6dTT9lBsYbxvqh0Soy4SPowchj0UBGj/V6cTPnXXtQOPUbhZ6CmGzAD/rW22LQK6E96pcdJXk4A4w==
  dependencies:
    boolbase "^1.0.0"

prettier@2.5.1:
  version "2.5.1"
  resolved "https://registry.yarnpkg.com/prettier/-/prettier-2.5.1.tgz#fff75fa9d519c54cf0fce328c1017d94546bc56a"
  integrity sha512-vBZcPRUR5MZJwoyi3ZoyQlc1rXeEck8KgeC9AwwOn+exuxLxq5toTRDTSaVrXHxelDMHy9zlicw8u66yxoSUFg==

prismjs@1.26.0:
  version "1.26.0"
  resolved "https://registry.yarnpkg.com/prismjs/-/prismjs-1.26.0.tgz#16881b594828bb6b45296083a8cbab46b0accd47"
  integrity sha512-HUoH9C5Z3jKkl3UunCyiD5jwk0+Hz0fIgQ2nbwU2Oo/ceuTAQAg+pPVnfdt2TJWRVLcxKh9iuoYDUSc8clb5UQ==

tsm@2.2.1:
  version "2.2.1"
  resolved "https://registry.yarnpkg.com/tsm/-/tsm-2.2.1.tgz#3e78e86a03b2f569c20cff4a9f66c4ec8fce65fc"
  integrity sha512-qvJB0baPnxQJolZru11mRgGTdNlx17WqgJnle7eht3Vhb+VUR4/zFA5hFl6NqRe7m8BD9w/6yu0B2XciRrdoJA==
  dependencies:
    esbuild "^0.14.0"
